
Microsoft Visual Studio Solution File, Format Version 12.00
# Visual Studio Version 17
VisualStudioVersion = 17.9.34728.123
MinimumVisualStudioVersion = 10.0.40219.1
Project("{FAE04EC0-301F-11D3-BF4B-00C04F79EFBC}") = "EjemploConcurrencia", "EjemploConcurrencia\EjemploConcurrencia.csproj", "{BA251349-B611-41E7-9DE3-EDBB718E8D82}"
EndProject
Global
	GlobalSection(SolutionConfigurationPlatforms) = preSolution
		Debug|Any CPU = Debug|Any CPU
		Release|Any CPU = Release|Any CPU
	EndGlobalSection
	GlobalSection(ProjectConfigurationPlatforms) = postSolution
		{BA251349-B611-41E7-9DE3-EDBB718E8D82}.Debug|Any CPU.ActiveCfg = Debug|Any CPU
		{BA251349-B611-41E7-9DE3-EDBB718E8D82}.Debug|Any CPU.Build.0 = Debug|Any CPU
		{BA251349-B611-41E7-9DE3-EDBB718E8D82}.Release|Any CPU.ActiveCfg = Release|Any CPU
		{BA251349-B611-41E7-9DE3-EDBB718E8D82}.Release|Any CPU.Build.0 = Release|Any CPU
	EndGlobalSection
	GlobalSection(SolutionProperties) = preSolution
		HideSolutionNode = FALSE
	EndGlobalSection
	GlobalSection(ExtensibilityGlobals) = postSolution
		SolutionGuid = {31AA729C-C4D5-4A97-8838-45F298C138A9}
	EndGlobalSection
EndGlobal
